PODS:
  - AdColony (3.2.1)
  - Firebase (4.7.0):
    - Firebase/Core (= 4.7.0)
  - Firebase/Core (4.7.0):
    - FirebaseAnalytics (= 4.0.5)
    - FirebaseCore (= 4.0.12)
  - FirebaseAnalytics (4.0.5):
    - FirebaseCore (~> 4.0)
    - FirebaseInstanceID (~> 2.0)
    - "GoogleToolboxForMac/NSData+zlib (~> 2.1)"
    - nanopb (~> 0.3)
  - FirebaseCore (4.0.12):
    - "GoogleToolboxForMac/NSData+zlib (~> 2.1)"
  - FirebaseInstanceID (2.0.7)
  - Google-Mobile-Ads-SDK (7.27.0)
  - GoogleToolboxForMac/Defines (2.1.3)
  - "GoogleToolboxForMac/NSData+zlib (2.1.3)":
    - GoogleToolboxForMac/Defines (= 2.1.3)
  - nanopb (0.3.8):
    - nanopb/decode (= 0.3.8)
    - nanopb/encode (= 0.3.8)
  - nanopb/decode (0.3.8)
  - nanopb/encode (0.3.8)

DEPENDENCIES:
  - AdColony
  - Firebase
  - Google-Mobile-Ads-SDK

SPEC REPOS:
  https://github.com/CocoaPods/Specs.git:
    - AdColony
    - Firebase
    - FirebaseAnalytics
    - FirebaseCore
    - FirebaseInstanceID
    - Google-Mobile-Ads-SDK
    - GoogleToolboxForMac
    - nanopb

SPEC CHECKSUMS:
  AdColony: e657145620acd54033e38cc18902eed01d3c456d
  Firebase: dbfb98ccec2dcfcd21ab9cc1b4981a3f3c8c5e26
  FirebaseAnalytics: 5b02a63ead2c3f0259cfc7f15e053e440587ecf8
  FirebaseCore: 6cf108b63997bc08c04a1ffa55a3ac0d71a59ffc
  FirebaseInstanceID: 148c25c986c8699e67304b114e365713dce467f2
  Google-Mobile-Ads-SDK: 83f7f890e638ce8f1debd440ea363338c9f6be3b
  GoogleToolboxForMac: 2501e2ad72a52eb3dfe7bd9aee7dad11b858bd20
  nanopb: 5601e6bca2dbf1ed831b519092ec110f66982ca3

PODFILE CHECKSUM: b42937e2607218237012b0ba6c89287dce5cd756

COCOAPODS: 1.5.0
